// !$*UTF8*$!
{
	archiveVersion = 1;
	classes = {
	};
	objectVersion = 46;
	objects = {

/* Begin PBXBuildFile section */
		8B85BC601D35372000DAC48E /* main.m in Sources */ = {isa = PBXBuildFile; fileRef = 8B85BC5F1D35372000DAC48E /* main.m */; };
		8B85BC631D35372000DAC48E /* AppDelegate.mm in Sources */ = {isa = PBXBuildFile; fileRef = 8B85BC621D35372000DAC48E /* AppDelegate.mm */; };
		8B85BC661D35372000DAC48E /* ViewController.m in Sources */ = {isa = PBXBuildFile; fileRef = 8B85BC651D35372000DAC48E /* ViewController.m */; };
		8B85BC691D35372000DAC48E /* Main.storyboard in Resources */ = {isa = PBXBuildFile; fileRef = 8B85BC671D35372000DAC48E /* Main.storyboard */; };
		8B85BC6B1D35372000DAC48E /* Assets.xcassets in Resources */ = {isa = PBXBuildFile; fileRef = 8B85BC6A1D35372000DAC48E /* Assets.xcassets */; };
		8B85BC6E1D35372000DAC48E /* LaunchScreen.storyboard in Resources */ = {isa = PBXBuildFile; fileRef = 8B85BC6C1D35372000DAC48E /* LaunchScreen.storyboard */; };
		8B85BC791D35372000DAC48E /* dlib_iosTests.m in Sources */ = {isa = PBXBuildFile; fileRef = 8B85BC781D35372000DAC48E /* dlib_iosTests.m */; };
		8B85BC841D35372000DAC48E /* dlib_iosUITests.m in Sources */ = {isa = PBXBuildFile; fileRef = 8B85BC831D35372000DAC48E /* dlib_iosUITests.m */; };
		8B85BC921D35421300DAC48E /* libdlib.a in Frameworks */ = {isa = PBXBuildFile; fileRef = 8B85BC911D35421300DAC48E /* libdlib.a */; };
/* End PBXBuildFile section */

/* Begin PBXContainerItemProxy section */
		8B85BC751D35372000DAC48E /* PBXContainerItemProxy */ = {
			isa = PBXContainerItemProxy;
			containerPortal = 8B85BC531D35371F00DAC48E /* Project object */;
			proxyType = 1;
			remoteGlobalIDString = 8B85BC5A1D35371F00DAC48E;
			remoteInfo = dlib_ios;
		};
		8B85BC801D35372000DAC48E /* PBXContainerItemProxy */ = {
			isa = PBXContainerItemProxy;
			containerPortal = 8B85BC531D35371F00DAC48E /* Project object */;
			proxyType = 1;
			remoteGlobalIDString = 8B85BC5A1D35371F00DAC48E;
			remoteInfo = dlib_ios;
		};
/* End PBXContainerItemProxy section */

/* Begin PBXFileReference section */
		8B85BC5B1D35371F00DAC48E /* dlib_ios.app */ = {isa = PBXFileReference; explicitFileType = wrapper.application; includeInIndex = 0; path = dlib_ios.app; sourceTree = BUILT_PRODUCTS_DIR; };
		8B85BC5F1D35372000DAC48E /* main.m */ = {isa = PBXFileReference; lastKnownFileType = sourcecode.c.objc; path = main.m; sourceTree = "<group>"; };
		8B85BC611D35372000DAC48E /* AppDelegate.h */ = {isa = PBXFileReference; lastKnownFileType = sourcecode.c.h; path = AppDelegate.h; sourceTree = "<group>"; };
		8B85BC621D35372000DAC48E /* AppDelegate.mm */ = {isa = PBXFileReference; lastKnownFileType = sourcecode.cpp.objcpp; path = AppDelegate.mm; sourceTree = "<group>"; };
		8B85BC641D35372000DAC48E /* ViewController.h */ = {isa = PBXFileReference; lastKnownFileType = sourcecode.c.h; path = ViewController.h; sourceTree = "<group>"; };
		8B85BC651D35372000DAC48E /* ViewController.m */ = {isa = PBXFileReference; lastKnownFileType = sourcecode.c.objc; path = ViewController.m; sourceTree = "<group>"; };
		8B85BC681D35372000DAC48E /* Base */ = {isa = PBXFileReference; lastKnownFileType = file.storyboard; name = Base; path = Base.lproj/Main.storyboard; sourceTree = "<group>"; };
		8B85BC6A1D35372000DAC48E /* Assets.xcassets */ = {isa = PBXFileReference; lastKnownFileType = folder.assetcatalog; path = Assets.xcassets; sourceTree = "<group>"; };
		8B85BC6D1D35372000DAC48E /* Base */ = {isa = PBXFileReference; lastKnownFileType = file.storyboard; name = Base; path = Base.lproj/LaunchScreen.storyboard; sourceTree = "<group>"; };
		8B85BC6F1D35372000DAC48E /* Info.plist */ = {isa = PBXFileReference; lastKnownFileType = text.plist.xml; path = Info.plist; sourceTree = "<group>"; };
		8B85BC741D35372000DAC48E /* dlib_iosTests.xctest */ = {isa = PBXFileReference; explicitFileType = wrapper.cfbundle; includeInIndex = 0; path = dlib_iosTests.xctest; sourceTree = BUILT_PRODUCTS_DIR; };
		8B85BC781D35372000DAC48E /* dlib_iosTests.m */ = {isa = PBXFileReference; lastKnownFileType = sourcecode.c.objc; path = dlib_iosTests.m; sourceTree = "<group>"; };
		8B85BC7A1D35372000DAC48E /* Info.plist */ = {isa = PBXFileReference; lastKnownFileType = text.plist.xml; path = Info.plist; sourceTree = "<group>"; };
		8B85BC7F1D35372000DAC48E /* dlib_iosUITests.xctest */ = {isa = PBXFileReference; explicitFileType = wrapper.cfbundle; includeInIndex = 0; path = dlib_iosUITests.xctest; sourceTree = BUILT_PRODUCTS_DIR; };
		8B85BC831D35372000DAC48E /* dlib_iosUITests.m */ = {isa = PBXFileReference; lastKnownFileType = sourcecode.c.objc; path = dlib_iosUITests.m; sourceTree = "<group>"; };
		8B85BC851D35372000DAC48E /* Info.plist */ = {isa = PBXFileReference; lastKnownFileType = text.plist.xml; path = Info.plist; sourceTree = "<group>"; };
		8B85BC911D35421300DAC48E /* libdlib.a */ = {isa = PBXFileReference; lastKnownFileType = archive.ar; name = libdlib.a; path = ../../../../../usr/local/lib/DLIB/iOS/libdlib.a; sourceTree = "<group>"; };
/* End PBXFileReference section */

/* Begin PBXFrameworksBuildPhase section */
		8B85BC581D35371F00DAC48E /* Frameworks */ = {
			isa = PBXFrameworksBuildPhase;
			buildActionMask = 2147483647;
			files = (
				8B85BC921D35421300DAC48E /* libdlib.a in Frameworks */,
			);
			runOnlyForDeploymentPostprocessing = 0;
		};
		8B85BC711D35372000DAC48E /* Frameworks */ = {
			isa = PBXFrameworksBuildPhase;
			buildActionMask = 2147483647;
			files = (
			);
			runOnlyForDeploymentPostprocessing = 0;
		};
		8B85BC7C1D35372000DAC48E /* Frameworks */ = {
			isa = PBXFrameworksBuildPhase;
			buildActionMask = 2147483647;
			files = (
			);
			runOnlyForDeploymentPostprocessing = 0;
		};
/* End PBXFrameworksBuildPhase section */

/* Begin PBXGroup section */
		8B85BC521D35371F00DAC48E = {
			isa = PBXGroup;
			children = (
				8B85BC911D35421300DAC48E /* libdlib.a */,
				8B85BC5D1D35372000DAC48E /* dlib_ios */,
				8B85BC771D35372000DAC48E /* dlib_iosTests */,
				8B85BC821D35372000DAC48E /* dlib_iosUITests */,
				8B85BC5C1D35371F00DAC48E /* Products */,
			);
			sourceTree = "<group>";
		};
		8B85BC5C1D35371F00DAC48E /* Products */ = {
			isa = PBXGroup;
			children = (
				8B85BC5B1D35371F00DAC48E /* dlib_ios.app */,
				8B85BC741D35372000DAC48E /* dlib_iosTests.xctest */,
				8B85BC7F1D35372000DAC48E /* dlib_iosUITests.xctest */,
			);
			name = Products;
			sourceTree = "<group>";
		};
		8B85BC5D1D35372000DAC48E /* dlib_ios */ = {
			isa = PBXGroup;
			children = (
				8B85BC611D35372000DAC48E /* AppDelegate.h */,
				8B85BC621D35372000DAC48E /* AppDelegate.mm */,
				8B85BC641D35372000DAC48E /* ViewController.h */,
				8B85BC651D35372000DAC48E /* ViewController.m */,
				8B85BC671D35372000DAC48E /* Main.storyboard */,
				8B85BC6A1D35372000DAC48E /* Assets.xcassets */,
				8B85BC6C1D35372000DAC48E /* LaunchScreen.storyboard */,
				8B85BC6F1D35372000DAC48E /* Info.plist */,
				8B85BC5E1D35372000DAC48E /* Supporting Files */,
			);
			path = dlib_ios;
			sourceTree = "<group>";
		};
		8B85BC5E1D35372000DAC48E /* Supporting Files */ = {
			isa = PBXGroup;
			children = (
				8B85BC5F1D35372000DAC48E /* main.m */,
			);
			name = "Supporting Files";
			sourceTree = "<group>";
		};
		8B85BC771D35372000DAC48E /* dlib_iosTests */ = {
			isa = PBXGroup;
			children = (
				8B85BC781D35372000DAC48E /* dlib_iosTests.m */,
				8B85BC7A1D35372000DAC48E /* Info.plist */,
			);
			path = dlib_iosTests;
			sourceTree = "<group>";
		};
		8B85BC821D35372000DAC48E /* dlib_iosUITests */ = {
			isa = PBXGroup;
			children = (
				8B85BC831D35372000DAC48E /* dlib_iosUITests.m */,
				8B85BC851D35372000DAC48E /* Info.plist */,
			);
			path = dlib_iosUITests;
			sourceTree = "<group>";
		};
/* End PBXGroup section */

/* Begin PBXNativeTarget section */
		8B85BC5A1D35371F00DAC48E /* dlib_ios */ = {
			isa = PBXNativeTarget;
			buildConfigurationList = 8B85BC881D35372000DAC48E /* Build configuration list for PBXNativeTarget "dlib_ios" */;
			buildPhases = (
				8B85BC571D35371F00DAC48E /* Sources */,
				8B85BC581D35371F00DAC48E /* Frameworks */,
				8B85BC591D35371F00DAC48E /* Resources */,
			);
			buildRules = (
			);
			dependencies = (
			);
			name = dlib_ios;
			productName = dlib_ios;
			productReference = 8B85BC5B1D35371F00DAC48E /* dlib_ios.app */;
			productType = "com.apple.product-type.application";
		};
		8B85BC731D35372000DAC48E /* dlib_iosTests */ = {
			isa = PBXNativeTarget;
			buildConfigurationList = 8B85BC8B1D35372000DAC48E /* Build configuration list for PBXNativeTarget "dlib_iosTests" */;
			buildPhases = (
				8B85BC701D35372000DAC48E /* Sources */,
				8B85BC711D35372000DAC48E /* Frameworks */,
				8B85BC721D35372000DAC48E /* Resources */,
			);
			buildRules = (
			);
			dependencies = (
				8B85BC761D35372000DAC48E /* PBXTargetDependency */,
			);
			name = dlib_iosTests;
			productName = dlib_iosTests;
			productReference = 8B85BC741D35372000DAC48E /* dlib_iosTests.xctest */;
			productType = "com.apple.product-type.bundle.unit-test";
		};
		8B85BC7E1D35372000DAC48E /* dlib_iosUITests */ = {
			isa = PBXNativeTarget;
			buildConfigurationList = 8B85BC8E1D35372000DAC48E /* Build configuration list for PBXNativeTarget "dlib_iosUITests" */;
			buildPhases = (
				8B85BC7B1D35372000DAC48E /* Sources */,
				8B85BC7C1D35372000DAC48E /* Frameworks */,
				8B85BC7D1D35372000DAC48E /* Resources */,
			);
			buildRules = (
			);
			dependencies = (
				8B85BC811D35372000DAC48E /* PBXTargetDependency */,
			);
			name = dlib_iosUITests;
			productName = dlib_iosUITests;
			productReference = 8B85BC7F1D35372000DAC48E /* dlib_iosUITests.xctest */;
			productType = "com.apple.product-type.bundle.ui-testing";
		};
/* End PBXNativeTarget section */

/* Begin PBXProject section */
		8B85BC531D35371F00DAC48E /* Project object */ = {
			isa = PBXProject;
			attributes = {
				LastUpgradeCheck = 0720;
				ORGANIZATIONNAME = kostya;
				TargetAttributes = {
					8B85BC5A1D35371F00DAC48E = {
						CreatedOnToolsVersion = 7.2;
						DevelopmentTeam = 5A6ZDHQ6GT;
					};
					8B85BC731D35372000DAC48E = {
						CreatedOnToolsVersion = 7.2;
						DevelopmentTeam = 5A6ZDHQ6GT;
						TestTargetID = 8B85BC5A1D35371F00DAC48E;
					};
					8B85BC7E1D35372000DAC48E = {
						CreatedOnToolsVersion = 7.2;
						DevelopmentTeam = 5A6ZDHQ6GT;
						TestTargetID = 8B85BC5A1D35371F00DAC48E;
					};
				};
			};
			buildConfigurationList = 8B85BC561D35371F00DAC48E /* Build configuration list for PBXProject "dlib_ios" */;
			compatibilityVersion = "Xcode 3.2";
			developmentRegion = English;
			hasScannedForEncodings = 0;
			knownRegions = (
				en,
				Base,
			);
			mainGroup = 8B85BC521D35371F00DAC48E;
			productRefGroup = 8B85BC5C1D35371F00DAC48E /* Products */;
			projectDirPath = "";
			projectRoot = "";
			targets = (
				8B85BC5A1D35371F00DAC48E /* dlib_ios */,
				8B85BC731D35372000DAC48E /* dlib_iosTests */,
				8B85BC7E1D35372000DAC48E /* dlib_iosUITests */,
			);
		};
/* End PBXProject section */

/* Begin PBXResourcesBuildPhase section */
		8B85BC591D35371F00DAC48E /* Resources */ = {
			isa = PBXResourcesBuildPhase;
			buildActionMask = 2147483647;
			files = (
				8B85BC6E1D35372000DAC48E /* LaunchScreen.storyboard in Resources */,
				8B85BC6B1D35372000DAC48E /* Assets.xcassets in Resources */,
				8B85BC691D35372000DAC48E /* Main.storyboard in Resources */,
			);
			runOnlyForDeploymentPostprocessing = 0;
		};
		8B85BC721D35372000DAC48E /* Resources */ = {
			isa = PBXResourcesBuildPhase;
			buildActionMask = 2147483647;
			files = (
			);
			runOnlyForDeploymentPostprocessing = 0;
		};
		8B85BC7D1D35372000DAC48E /* Resources */ = {
			isa = PBXResourcesBuildPhase;
			buildActionMask = 2147483647;
			files = (
			);
			runOnlyForDeploymentPostprocessing = 0;
		};
/* End PBXResourcesBuildPhase section */

/* Begin PBXSourcesBuildPhase section */
		8B85BC571D35371F00DAC48E /* Sources */ = {
			isa = PBXSourcesBuildPhase;
			buildActionMask = 2147483647;
			files = (
				8B85BC661D35372000DAC48E /* ViewController.m in Sources */,
				8B85BC631D35372000DAC48E /* AppDelegate.mm in Sources */,
				8B85BC601D35372000DAC48E /* main.m in Sources */,
			);
			runOnlyForDeploymentPostprocessing = 0;
		};
		8B85BC701D35372000DAC48E /* Sources */ = {
			isa = PBXSourcesBuildPhase;
			buildActionMask = 2147483647;
			files = (
				8B85BC791D35372000DAC48E /* dlib_iosTests.m in Sources */,
			);
			runOnlyForDeploymentPostprocessing = 0;
		};
		8B85BC7B1D35372000DAC48E /* Sources */ = {
			isa = PBXSourcesBuildPhase;
			buildActionMask = 2147483647;
			files = (
				8B85BC841D35372000DAC48E /* dlib_iosUITests.m in Sources */,
			);
			runOnlyForDeploymentPostprocessing = 0;
		};
/* End PBXSourcesBuildPhase section */

/* Begin PBXTargetDependency section */
		8B85BC761D35372000DAC48E /* PBXTargetDependency */ = {
			isa = PBXTargetDependency;
			target = 8B85BC5A1D35371F00DAC48E /* dlib_ios */;
			targetProxy = 8B85BC751D35372000DAC48E /* PBXContainerItemProxy */;
		};
		8B85BC811D35372000DAC48E /* PBXTargetDependency */ = {
			isa = PBXTargetDependency;
			target = 8B85BC5A1D35371F00DAC48E /* dlib_ios */;
			targetProxy = 8B85BC801D35372000DAC48E /* PBXContainerItemProxy */;
		};
/* End PBXTargetDependency section */

/* Begin PBXVariantGroup section */
		8B85BC671D35372000DAC48E /* Main.storyboard */ = {
			isa = PBXVariantGroup;
			children = (
				8B85BC681D35372000DAC48E /* Base */,
			);
			name = Main.storyboard;
			sourceTree = "<group>";
		};
		8B85BC6C1D35372000DAC48E /* LaunchScreen.storyboard */ = {
			isa = PBXVariantGroup;
			children = (
				8B85BC6D1D35372000DAC48E /* Base */,
			);
			name = LaunchScreen.storyboard;
			sourceTree = "<group>";
		};
/* End PBXVariantGroup section */

/* Begin XCBuildConfiguration section */
		8B85BC861D35372000DAC48E /* Debug */ = {
			isa = XCBuildConfiguration;
			buildSettings = {
				ALWAYS_SEARCH_USER_PATHS = NO;
				CLANG_CXX_LANGUAGE_STANDARD = "gnu++0x";
				CLANG_CXX_LIBRARY = "libc++";
				CLANG_ENABLE_MODULES = YES;
				CLANG_ENABLE_OBJC_ARC = YES;
				CLANG_WARN_BOOL_CONVERSION = YES;
				CLANG_WARN_CONSTANT_CONVERSION = YES;
				CLANG_WARN_DIRECT_OBJC_ISA_USAGE = YES_ERROR;
				CLANG_WARN_EMPTY_BODY = YES;
				CLANG_WARN_ENUM_CONVERSION = YES;
				CLANG_WARN_INT_CONVERSION = YES;
				CLANG_WARN_OBJC_ROOT_CLASS = YES_ERROR;
				CLANG_WARN_UNREACHABLE_CODE = YES;
				CLANG_WARN__DUPLICATE_METHOD_MATCH = YES;
				"CODE_SIGN_IDENTITY[sdk=iphoneos*]" = "iPhone Developer";
				COPY_PHASE_STRIP = NO;
				DEBUG_INFORMATION_FORMAT = dwarf;
				ENABLE_STRICT_OBJC_MSGSEND = YES;
				ENABLE_TESTABILITY = YES;
				GCC_C_LANGUAGE_STANDARD = gnu99;
				GCC_DYNAMIC_NO_PIC = NO;
				GCC_NO_COMMON_BLOCKS = YES;
				GCC_OPTIMIZATION_LEVEL = 0;
				GCC_PREPROCESSOR_DEFINITIONS = (
					"DEBUG=1",
					"$(inherited)",
				);
				GCC_WARN_64_TO_32_BIT_CONVERSION = YES;
				GCC_WARN_ABOUT_RETURN_TYPE = YES_ERROR;
				GCC_WARN_UNDECLARED_SELECTOR = YES;
				GCC_WARN_UNINITIALIZED_AUTOS = YES_AGGRESSIVE;
				GCC_WARN_UNUSED_FUNCTION = YES;
				GCC_WARN_UNUSED_VARIABLE = YES;
				IPHONEOS_DEPLOYMENT_TARGET = 9.2;
				MTL_ENABLE_DEBUG_INFO = YES;
				ONLY_ACTIVE_ARCH = YES;
				SDKROOT = iphoneos;
				TARGETED_DEVICE_FAMILY = "1,2";
			};
			name = Debug;
		};
		8B85BC871D35372000DAC48E /* Release */ = {
			isa = XCBuildConfiguration;
			buildSettings = {
				ALWAYS_SEARCH_USER_PATHS = NO;
				CLANG_CXX_LANGUAGE_STANDARD = "gnu++0x";
				CLANG_CXX_LIBRARY = "libc++";
				CLANG_ENABLE_MODULES = YES;
				CLANG_ENABLE_OBJC_ARC = YES;
				CLANG_WARN_BOOL_CONVERSION = YES;
				CLANG_WARN_CONSTANT_CONVERSION = YES;
				CLANG_WARN_DIRECT_OBJC_ISA_USAGE = YES_ERROR;
				CLANG_WARN_EMPTY_BODY = YES;
				CLANG_WARN_ENUM_CONVERSION = YES;
				CLANG_WARN_INT_CONVERSION = YES;
				CLANG_WARN_OBJC_ROOT_CLASS = YES_ERROR;
				CLANG_WARN_UNREACHABLE_CODE = YES;
				CLANG_WARN__DUPLICATE_METHOD_MATCH = YES;
				"CODE_SIGN_IDENTITY[sdk=iphoneos*]" = "iPhone Developer";
				COPY_PHASE_STRIP = NO;
				DEBUG_INFORMATION_FORMAT = "dwarf-with-dsym";
				ENABLE_NS_ASSERTIONS = NO;
				ENABLE_STRICT_OBJC_MSGSEND = YES;
				GCC_C_LANGUAGE_STANDARD = gnu99;
				GCC_NO_COMMON_BLOCKS = YES;
				GCC_WARN_64_TO_32_BIT_CONVERSION = YES;
				GCC_WARN_ABOUT_RETURN_TYPE = YES_ERROR;
				GCC_WARN_UNDECLARED_SELECTOR = YES;
				GCC_WARN_UNINITIALIZED_AUTOS = YES_AGGRESSIVE;
				GCC_WARN_UNUSED_FUNCTION = YES;
				GCC_WARN_UNUSED_VARIABLE = YES;
				IPHONEOS_DEPLOYMENT_TARGET = 9.2;
				MTL_ENABLE_DEBUG_INFO = NO;
				SDKROOT = iphoneos;
				TARGETED_DEVICE_FAMILY = "1,2";
				VALIDATE_PRODUCT = YES;
			};
			name = Release;
		};
		8B85BC891D35372000DAC48E /* Debug */ = {
			isa = XCBuildConfiguration;
			buildSettings = {
				ASSETCATALOG_COMPILER_APPICON_NAME = AppIcon;
				CLANG_CXX_LANGUAGE_STANDARD = "compiler-default";
				CLANG_CXX_LIBRARY = "compiler-default";
				ENABLE_BITCODE = NO;
				ENABLE_NS_ASSERTIONS = YES;
				ENABLE_STRICT_OBJC_MSGSEND = NO;
				GCC_GENERATE_DEBUGGING_SYMBOLS = NO;
				GCC_PREPROCESSOR_DEFINITIONS = "'CMAKE_INTDIR=\"$(CONFIGURATION)$(EFFECTIVE_PLATFORM_NAME)\"'";
				HEADER_SEARCH_PATHS = (
					"/usr/local/include\n",
					"/usr/local/include/DLIB/..\n",
					/usr/local/Cellar/opencv/2.4.13/include,
				);
				INFOPLIST_FILE = dlib_ios/Info.plist;
				LD_RUNPATH_SEARCH_PATHS = "$(inherited) @executable_path/Frameworks";
				LIBRARY_SEARCH_PATHS = (
					"$(inherited)",
					/usr/local/lib/DLIB/iOS,
				);
				ONLY_ACTIVE_ARCH = YES;
				"OTHER_CPLUSPLUSFLAGS[arch=*]" = (
					"$(OTHER_CFLAGS)",
					"-DDLIB_PNG_SUPPORT",
					"-DDLIB_JPEG_SUPPORT\n",
					"-DENABLE_ASSERTS",
				);
				OTHER_LDFLAGS = (
					/usr/lib/libpthread.dylib,
					/usr/lib/liblapack.dylib,
					/usr/local/lib/libjpeg.dylib,
					/usr/local/lib/libpng.dylib,
					"-Wl,-search_paths_first",
					/usr/lib/libsqlite3.dylib,
					/usr/lib/libcblas.dylib,
					/usr/local/lib/DLIB/iOS/libdlib.a,
					"-Wl,-headerpad_max_install_names",
				);
				PRODUCT_BUNDLE_IDENTIFIER = "dktest.dlib-ios";
				PRODUCT_NAME = "$(TARGET_NAME)";
				SDKROOT = iphoneos9.2;
				USE_HEADERMAP = NO;
				WARNING_CFLAGS = (
					"-Wmost\n",
					"-Wno-four-char-constants\n",
					"-Wno-unknown-pragmas\n",
					"$(inherited)\n",
				);
			};
			name = Debug;
		};
		8B85BC8A1D35372000DAC48E /* Release */ = {
			isa = XCBuildConfiguration;
			buildSettings = {
				ASSETCATALOG_COMPILER_APPICON_NAME = AppIcon;
				CLANG_CXX_LANGUAGE_STANDARD = "compiler-default";
				CLANG_CXX_LIBRARY = "compiler-default";
				ENABLE_BITCODE = NO;
				ENABLE_NS_ASSERTIONS = YES;
				ENABLE_STRICT_OBJC_MSGSEND = NO;
				GCC_GENERATE_DEBUGGING_SYMBOLS = NO;
				GCC_OPTIMIZATION_LEVEL = 3;
				GCC_PREPROCESSOR_DEFINITIONS = "'CMAKE_INTDIR=\"$(CONFIGURATION)$(EFFECTIVE_PLATFORM_NAME)\"'";
				HEADER_SEARCH_PATHS = (
					"/usr/local/include\n",
					"/usr/local/include/DLIB/..\n",
					/usr/local/Cellar/opencv/2.4.13/include,
				);
				INFOPLIST_FILE = dlib_ios/Info.plist;
				LD_RUNPATH_SEARCH_PATHS = "$(inherited) @executable_path/Frameworks";
				LIBRARY_SEARCH_PATHS = (
					"$(inherited)",
					/usr/local/lib/DLIB/iOS,
				);
				ONLY_ACTIVE_ARCH = YES;
				"OTHER_CPLUSPLUSFLAGS[arch=*]" = (
					"$(OTHER_CFLAGS)",
					"-DDLIB_PNG_SUPPORT\n",
					"-DDLIB_JPEG_SUPPORT\n",
					"-DNDEBUG",
				);
				OTHER_LDFLAGS = (
					/usr/lib/libpthread.dylib,
					/usr/lib/liblapack.dylib,
					/usr/local/lib/libjpeg.dylib,
					/usr/local/lib/libpng.dylib,
					"-Wl,-search_paths_first",
					/usr/lib/libsqlite3.dylib,
					/usr/lib/libcblas.dylib,
					/usr/local/lib/DLIB/iOS/libdlib.a,
					"-Wl,-headerpad_max_install_names",
				);
				PRODUCT_BUNDLE_IDENTIFIER = "dktest.dlib-ios";
				PRODUCT_NAME = "$(TARGET_NAME)";
				SDKROOT = iphoneos9.2;
				USE_HEADERMAP = NO;
				WARNING_CFLAGS = (
					"-Wmost\n",
					"-Wno-four-char-constants\n",
					"-Wno-unknown-pragmas\n",
					"$(inherited)\n",
				);
			};
			name = Release;
		};
		8B85BC8C1D35372000DAC48E /* Debug */ = {
			isa = XCBuildConfiguration;
			buildSettings = {
				BUNDLE_LOADER = "$(TEST_HOST)";
				INFOPLIST_FILE = dlib_iosTests/Info.plist;
				LD_RUNPATH_SEARCH_PATHS = "$(inherited) @executable_path/Frameworks @loader_path/Frameworks";
				PRODUCT_BUNDLE_IDENTIFIER = "dktest.dlib-iosTests";
				PRODUCT_NAME = "$(TARGET_NAME)";
				TEST_HOST = "$(BUILT_PRODUCTS_DIR)/dlib_ios.app/dlib_ios";
			};
			name = Debug;
		};
		8B85BC8D1D35372000DAC48E /* Release */ = {
			isa = XCBuildConfiguration;
			buildSettings = {
				BUNDLE_LOADER = "$(TEST_HOST)";
				INFOPLIST_FILE = dlib_iosTests/Info.plist;
				LD_RUNPATH_SEARCH_PATHS = "$(inherited) @executable_path/Frameworks @loader_path/Frameworks";
				PRODUCT_BUNDLE_IDENTIFIER = "dktest.dlib-iosTests";
				PRODUCT_NAME = "$(TARGET_NAME)";
				TEST_HOST = "$(BUILT_PRODUCTS_DIR)/dlib_ios.app/dlib_ios";
			};
			name = Release;
		};
		8B85BC8F1D35372000DAC48E /* Debug */ = {
			isa = XCBuildConfiguration;
			buildSettings = {
				INFOPLIST_FILE = dlib_iosUITests/Info.plist;
				LD_RUNPATH_SEARCH_PATHS = "$(inherited) @executable_path/Frameworks @loader_path/Frameworks";
				PRODUCT_BUNDLE_IDENTIFIER = "dktest.dlib-iosUITests";
				PRODUCT_NAME = "$(TARGET_NAME)";
				TEST_TARGET_NAME = dlib_ios;
				USES_XCTRUNNER = YES;
			};
			name = Debug;
		};
		8B85BC901D35372000DAC48E /* Release */ = {
			isa = XCBuildConfiguration;
			buildSettings = {
				INFOPLIST_FILE = dlib_iosUITests/Info.plist;
				LD_RUNPATH_SEARCH_PATHS = "$(inherited) @executable_path/Frameworks @loader_path/Frameworks";
				PRODUCT_BUNDLE_IDENTIFIER = "dktest.dlib-iosUITests";
				PRODUCT_NAME = "$(TARGET_NAME)";
				TEST_TARGET_NAME = dlib_ios;
				USES_XCTRUNNER = YES;
			};
			name = Release;
		};
/* End XCBuildConfiguration section */

/* Begin XCConfigurationList section */
		8B85BC561D35371F00DAC48E /* Build configuration list for PBXProject "dlib_ios" */ = {
			isa = XCConfigurationList;
			buildConfigurations = (
				8B85BC861D35372000DAC48E /* Debug */,
				8B85BC871D35372000DAC48E /* Release */,
			);
			defaultConfigurationIsVisible = 0;
			defaultConfigurationName = Release;
		};
		8B85BC881D35372000DAC48E /* Build configuration list for PBXNativeTarget "dlib_ios" */ = {
			isa = XCConfigurationList;
			buildConfigurations = (
				8B85BC891D35372000DAC48E /* Debug */,
				8B85BC8A1D35372000DAC48E /* Release */,
			);
			defaultConfigurationIsVisible = 0;
			defaultConfigurationName = Release;
		};
		8B85BC8B1D35372000DAC48E /* Build configuration list for PBXNativeTarget "dlib_iosTests" */ = {
			isa = XCConfigurationList;
			buildConfigurations = (
				8B85BC8C1D35372000DAC48E /* Debug */,
				8B85BC8D1D35372000DAC48E /* Release */,
			);
			defaultConfigurationIsVisible = 0;
			defaultConfigurationName = Release;
		};
		8B85BC8E1D35372000DAC48E /* Build configuration list for PBXNativeTarget "dlib_iosUITests" */ = {
			isa = XCConfigurationList;
			buildConfigurations = (
				8B85BC8F1D35372000DAC48E /* Debug */,
				8B85BC901D35372000DAC48E /* Release */,
			);
			defaultConfigurationIsVisible = 0;
			defaultConfigurationName = Release;
		};
/* End XCConfigurationList section */
	};
	rootObject = 8B85BC531D35371F00DAC48E /* Project object */;
}
